
Microsoft Visual Studio Solution File, Format Version 12.00
# Visual Studio 14
VisualStudioVersion = 14.0.25420.1
MinimumVisualStudioVersion = 10.0.40219.1
Project("{8BB2217D-0F2D-49D1-97BC-3654ED321F3B}") = "Trials", "Trials\Trials.xproj", "{DE0E6A83-0540-4B52-ABFA-B035598AC5E0}"
EndProject
Project("{F088123C-0E9E-452A-89E6-6BA2F21D5CAC}") = "Analyse", "Analyse\Analyse.modelproj", "{D9DD86BC-1C27-49C4-AF64-5596CD58019D}"
EndProject
Project("{2150E333-8FDC-42A3-9474-1A3956D46DE8}") = "Solution Items", "Solution Items", "{73558F3F-3D37-4B4D-8783-BFF4C7D71901}"
	ProjectSection(SolutionItems) = preProject
		global.json = global.json
		NuGet.config = NuGet.config
	EndProjectSection
EndProject
Global
	GlobalSection(SolutionConfigurationPlatforms) = preSolution
		Debug|Any CPU = Debug|Any CPU
		Release|Any CPU = Release|Any CPU
	EndGlobalSection
	GlobalSection(ProjectConfigurationPlatforms) = postSolution
		{DE0E6A83-0540-4B52-ABFA-B035598AC5E0}.Debug|Any CPU.ActiveCfg = Debug|Any CPU
		{DE0E6A83-0540-4B52-ABFA-B035598AC5E0}.Debug|Any CPU.Build.0 = Debug|Any CPU
		{DE0E6A83-0540-4B52-ABFA-B035598AC5E0}.Release|Any CPU.ActiveCfg = Release|Any CPU
		{DE0E6A83-0540-4B52-ABFA-B035598AC5E0}.Release|Any CPU.Build.0 = Release|Any CPU
		{D9DD86BC-1C27-49C4-AF64-5596CD58019D}.Debug|Any CPU.ActiveCfg = Debug|Any CPU
		{D9DD86BC-1C27-49C4-AF64-5596CD58019D}.Debug|Any CPU.Build.0 = Debug|Any CPU
		{D9DD86BC-1C27-49C4-AF64-5596CD58019D}.Release|Any CPU.ActiveCfg = Release|Any CPU
		{D9DD86BC-1C27-49C4-AF64-5596CD58019D}.Release|Any CPU.Build.0 = Release|Any CPU
	EndGlobalSection
	GlobalSection(SolutionProperties) = preSolution
		HideSolutionNode = FALSE
	EndGlobalSection
EndGlobal
